// !$*UTF8*$!
{
	archiveVersion = 1;
	classes = {
	};
	objectVersion = 46;
	objects = {

/* Begin PBXBuildFile section */
		890462551C895ED800397018 /* expandableImage@3x.png in Resources */ = {isa = PBXBuildFile; fileRef = 890462531C895ED800397018 /* expandableImage@3x.png */; };
		890462561C895ED800397018 /* expandableImage@2x.png in Resources */ = {isa = PBXBuildFile; fileRef = 890462541C895ED800397018 /* expandableImage@2x.png */; };
		8913954C1C8D4CD80011C896 /* LMTableHeaderView.m in Sources */ = {isa = PBXBuildFile; fileRef = 8913954B1C8D4CD80011C896 /* LMTableHeaderView.m */; };
		8913954F1C8D70D20011C896 /* Friend.m in Sources */ = {isa = PBXBuildFile; fileRef = 8913954E1C8D70D20011C896 /* Friend.m */; };
		891395521C8D71AB0011C896 /* FriendGroup.m in Sources */ = {isa = PBXBuildFile; fileRef = 891395511C8D71AB0011C896 /* FriendGroup.m */; };
		896E85A51C891E7B005017AD /* main.m in Sources */ = {isa = PBXBuildFile; fileRef = 896E85A41C891E7B005017AD /* main.m */; };
		896E85A81C891E7B005017AD /* AppDelegate.m in Sources */ = {isa = PBXBuildFile; fileRef = 896E85A71C891E7B005017AD /* AppDelegate.m */; };
		896E85B31C891E7B005017AD /* Assets.xcassets in Resources */ = {isa = PBXBuildFile; fileRef = 896E85B21C891E7B005017AD /* Assets.xcassets */; };
		896E85B61C891E7B005017AD /* LaunchScreen.storyboard in Resources */ = {isa = PBXBuildFile; fileRef = 896E85B41C891E7B005017AD /* LaunchScreen.storyboard */; };
		896E85C11C891E7B005017AD /* LMCellMultilayerShowOrHideDemoTests.m in Sources */ = {isa = PBXBuildFile; fileRef = 896E85C01C891E7B005017AD /* LMCellMultilayerShowOrHideDemoTests.m */; };
		896E85CC1C891E7B005017AD /* LMCellMultilayerShowOrHideDemoUITests.m in Sources */ = {isa = PBXBuildFile; fileRef = 896E85CB1C891E7B005017AD /* LMCellMultilayerShowOrHideDemoUITests.m */; };
		896E85DB1C892036005017AD /* LMCellMultilayerShowOrHideViewController.m in Sources */ = {isa = PBXBuildFile; fileRef = 896E85DA1C892036005017AD /* LMCellMultilayerShowOrHideViewController.m */; };
/* End PBXBuildFile section */

/* Begin PBXContainerItemProxy section */
		896E85BD1C891E7B005017AD /* PBXContainerItemProxy */ = {
			isa = PBXContainerItemProxy;
			containerPortal = 896E85981C891E7B005017AD /* Project object */;
			proxyType = 1;
			remoteGlobalIDString = 896E859F1C891E7B005017AD;
			remoteInfo = LMCellMultilayerShowOrHideDemo;
		};
		896E85C81C891E7B005017AD /* PBXContainerItemProxy */ = {
			isa = PBXContainerItemProxy;
			containerPortal = 896E85981C891E7B005017AD /* Project object */;
			proxyType = 1;
			remoteGlobalIDString = 896E859F1C891E7B005017AD;
			remoteInfo = LMCellMultilayerShowOrHideDemo;
		};
/* End PBXContainerItemProxy section */

/* Begin PBXFileReference section */
		890462531C895ED800397018 /* expandableImage@3x.png */ = {isa = PBXFileReference; lastKnownFileType = image.png; path = "expandableImage@3x.png"; sourceTree = "<group>"; };
		890462541C895ED800397018 /* expandableImage@2x.png */ = {isa = PBXFileReference; lastKnownFileType = image.png; path = "expandableImage@2x.png"; sourceTree = "<group>"; };
		8913954A1C8D4CD80011C896 /* LMTableHeaderView.h */ = {isa = PBXFileReference; fileEncoding = 4; lastKnownFileType = sourcecode.c.h; path = LMTableHeaderView.h; sourceTree = "<group>"; };
		8913954B1C8D4CD80011C896 /* LMTableHeaderView.m */ = {isa = PBXFileReference; fileEncoding = 4; lastKnownFileType = sourcecode.c.objc; path = LMTableHeaderView.m; sourceTree = "<group>"; };
		8913954D1C8D70D20011C896 /* Friend.h */ = {isa = PBXFileReference; fileEncoding = 4; lastKnownFileType = sourcecode.c.h; path = Friend.h; sourceTree = "<group>"; };
		8913954E1C8D70D20011C896 /* Friend.m */ = {isa = PBXFileReference; fileEncoding = 4; lastKnownFileType = sourcecode.c.objc; path = Friend.m; sourceTree = "<group>"; };
		891395501C8D71AB0011C896 /* FriendGroup.h */ = {isa = PBXFileReference; fileEncoding = 4; lastKnownFileType = sourcecode.c.h; path = FriendGroup.h; sourceTree = "<group>"; };
		891395511C8D71AB0011C896 /* FriendGroup.m */ = {isa = PBXFileReference; fileEncoding = 4; lastKnownFileType = sourcecode.c.objc; path = FriendGroup.m; sourceTree = "<group>"; };
		896E85A01C891E7B005017AD /* LMCellMultilayerShowOrHideDemo.app */ = {isa = PBXFileReference; explicitFileType = wrapper.application; includeInIndex = 0; path = LMCellMultilayerShowOrHideDemo.app; sourceTree = BUILT_PRODUCTS_DIR; };
		896E85A41C891E7B005017AD /* main.m */ = {isa = PBXFileReference; lastKnownFileType = sourcecode.c.objc; path = main.m; sourceTree = "<group>"; };
		896E85A61C891E7B005017AD /* AppDelegate.h */ = {isa = PBXFileReference; lastKnownFileType = sourcecode.c.h; path = AppDelegate.h; sourceTree = "<group>"; };
		896E85A71C891E7B005017AD /* AppDelegate.m */ = {isa = PBXFileReference; lastKnownFileType = sourcecode.c.objc; path = AppDelegate.m; sourceTree = "<group>"; };
		896E85B21C891E7B005017AD /* Assets.xcassets */ = {isa = PBXFileReference; lastKnownFileType = folder.assetcatalog; path = Assets.xcassets; sourceTree = "<group>"; };
		896E85B51C891E7B005017AD /* Base */ = {isa = PBXFileReference; lastKnownFileType = file.storyboard; name = Base; path = Base.lproj/LaunchScreen.storyboard; sourceTree = "<group>"; };
		896E85B71C891E7B005017AD /* Info.plist */ = {isa = PBXFileReference; lastKnownFileType = text.plist.xml; path = Info.plist; sourceTree = "<group>"; };
		896E85BC1C891E7B005017AD /* LMCellMultilayerShowOrHideDemoTests.xctest */ = {isa = PBXFileReference; explicitFileType = wrapper.cfbundle; includeInIndex = 0; path = LMCellMultilayerShowOrHideDemoTests.xctest; sourceTree = BUILT_PRODUCTS_DIR; };
		896E85C01C891E7B005017AD /* LMCellMultilayerShowOrHideDemoTests.m */ = {isa = PBXFileReference; lastKnownFileType = sourcecode.c.objc; path = LMCellMultilayerShowOrHideDemoTests.m; sourceTree = "<group>"; };
		896E85C21C891E7B005017AD /* Info.plist */ = {isa = PBXFileReference; lastKnownFileType = text.plist.xml; path = Info.plist; sourceTree = "<group>"; };
		896E85C71C891E7B005017AD /* LMCellMultilayerShowOrHideDemoUITests.xctest */ = {isa = PBXFileReference; explicitFileType = wrapper.cfbundle; includeInIndex = 0; path = LMCellMultilayerShowOrHideDemoUITests.xctest; sourceTree = BUILT_PRODUCTS_DIR; };
		896E85CB1C891E7B005017AD /* LMCellMultilayerShowOrHideDemoUITests.m */ = {isa = PBXFileReference; lastKnownFileType = sourcecode.c.objc; path = LMCellMultilayerShowOrHideDemoUITests.m; sourceTree = "<group>"; };
		896E85CD1C891E7B005017AD /* Info.plist */ = {isa = PBXFileReference; lastKnownFileType = text.plist.xml; path = Info.plist; sourceTree = "<group>"; };
		896E85D91C892036005017AD /* LMCellMultilayerShowOrHideViewController.h */ = {isa = PBXFileReference; fileEncoding = 4; lastKnownFileType = sourcecode.c.h; name = LMCellMultilayerShowOrHideViewController.h; path = LMCellMultilayerShowOrHideDemo/LMCellMultilayerShowOrHideViewController.h; sourceTree = SOURCE_ROOT; };
		896E85DA1C892036005017AD /* LMCellMultilayerShowOrHideViewController.m */ = {isa = PBXFileReference; fileEncoding = 4; lastKnownFileType = sourcecode.c.objc; name = LMCellMultilayerShowOrHideViewController.m; path = LMCellMultilayerShowOrHideDemo/LMCellMultilayerShowOrHideViewController.m; sourceTree = SOURCE_ROOT; };
/* End PBXFileReference section */

/* Begin PBXFrameworksBuildPhase section */
		896E859D1C891E7B005017AD /* Frameworks */ = {
			isa = PBXFrameworksBuildPhase;
			buildActionMask = 2147483647;
			files = (
			);
			runOnlyForDeploymentPostprocessing = 0;
		};
		896E85B91C891E7B005017AD /* Frameworks */ = {
			isa = PBXFrameworksBuildPhase;
			buildActionMask = 2147483647;
			files = (
			);
			runOnlyForDeploymentPostprocessing = 0;
		};
		896E85C41C891E7B005017AD /* Frameworks */ = {
			isa = PBXFrameworksBuildPhase;
			buildActionMask = 2147483647;
			files = (
			);
			runOnlyForDeploymentPostprocessing = 0;
		};
/* End PBXFrameworksBuildPhase section */

/* Begin PBXGroup section */
		890462521C895E9200397018 /* images */ = {
			isa = PBXGroup;
			children = (
				890462531C895ED800397018 /* expandableImage@3x.png */,
				890462541C895ED800397018 /* expandableImage@2x.png */,
			);
			name = images;
			sourceTree = "<group>";
		};
		896E85971C891E7B005017AD = {
			isa = PBXGroup;
			children = (
				896E85A21C891E7B005017AD /* LMCellMultilayerShowOrHideDemo */,
				896E85BF1C891E7B005017AD /* LMCellMultilayerShowOrHideDemoTests */,
				896E85CA1C891E7B005017AD /* LMCellMultilayerShowOrHideDemoUITests */,
				896E85A11C891E7B005017AD /* Products */,
			);
			sourceTree = "<group>";
		};
		896E85A11C891E7B005017AD /* Products */ = {
			isa = PBXGroup;
			children = (
				896E85A01C891E7B005017AD /* LMCellMultilayerShowOrHideDemo.app */,
				896E85BC1C891E7B005017AD /* LMCellMultilayerShowOrHideDemoTests.xctest */,
				896E85C71C891E7B005017AD /* LMCellMultilayerShowOrHideDemoUITests.xctest */,
			);
			name = Products;
			sourceTree = "<group>";
		};
		896E85A21C891E7B005017AD /* LMCellMultilayerShowOrHideDemo */ = {
			isa = PBXGroup;
			children = (
				896E85DF1C892DA3005017AD /* LMCellMultilayerShowOrHide */,
				896E85A61C891E7B005017AD /* AppDelegate.h */,
				896E85A71C891E7B005017AD /* AppDelegate.m */,
				896E85B21C891E7B005017AD /* Assets.xcassets */,
				896E85B41C891E7B005017AD /* LaunchScreen.storyboard */,
				896E85A31C891E7B005017AD /* Supporting Files */,
			);
			path = LMCellMultilayerShowOrHideDemo;
			sourceTree = "<group>";
		};
		896E85A31C891E7B005017AD /* Supporting Files */ = {
			isa = PBXGroup;
			children = (
				896E85B71C891E7B005017AD /* Info.plist */,
				896E85A41C891E7B005017AD /* main.m */,
			);
			name = "Supporting Files";
			sourceTree = "<group>";
		};
		896E85BF1C891E7B005017AD /* LMCellMultilayerShowOrHideDemoTests */ = {
			isa = PBXGroup;
			children = (
				896E85C01C891E7B005017AD /* LMCellMultilayerShowOrHideDemoTests.m */,
				896E85C21C891E7B005017AD /* Info.plist */,
			);
			path = LMCellMultilayerShowOrHideDemoTests;
			sourceTree = "<group>";
		};
		896E85CA1C891E7B005017AD /* LMCellMultilayerShowOrHideDemoUITests */ = {
			isa = PBXGroup;
			children = (
				896E85CB1C891E7B005017AD /* LMCellMultilayerShowOrHideDemoUITests.m */,
				896E85CD1C891E7B005017AD /* Info.plist */,
			);
			path = LMCellMultilayerShowOrHideDemoUITests;
			sourceTree = "<group>";
		};
		896E85DF1C892DA3005017AD /* LMCellMultilayerShowOrHide */ = {
			isa = PBXGroup;
			children = (
				890462521C895E9200397018 /* images */,
				896E85D91C892036005017AD /* LMCellMultilayerShowOrHideViewController.h */,
				896E85DA1C892036005017AD /* LMCellMultilayerShowOrHideViewController.m */,
				8913954A1C8D4CD80011C896 /* LMTableHeaderView.h */,
				8913954B1C8D4CD80011C896 /* LMTableHeaderView.m */,
				8913954D1C8D70D20011C896 /* Friend.h */,
				8913954E1C8D70D20011C896 /* Friend.m */,
				891395501C8D71AB0011C896 /* FriendGroup.h */,
				891395511C8D71AB0011C896 /* FriendGroup.m */,
			);
			path = LMCellMultilayerShowOrHide;
			sourceTree = "<group>";
		};
/* End PBXGroup section */

/* Begin PBXNativeTarget section */
		896E859F1C891E7B005017AD /* LMCellMultilayerShowOrHideDemo */ = {
			isa = PBXNativeTarget;
			buildConfigurationList = 896E85D01C891E7B005017AD /* Build configuration list for PBXNativeTarget "LMCellMultilayerShowOrHideDemo" */;
			buildPhases = (
				896E859C1C891E7B005017AD /* Sources */,
				896E859D1C891E7B005017AD /* Frameworks */,
				896E859E1C891E7B005017AD /* Resources */,
			);
			buildRules = (
			);
			dependencies = (
			);
			name = LMCellMultilayerShowOrHideDemo;
			productName = LMCellMultilayerShowOrHideDemo;
			productReference = 896E85A01C891E7B005017AD /* LMCellMultilayerShowOrHideDemo.app */;
			productType = "com.apple.product-type.application";
		};
		896E85BB1C891E7B005017AD /* LMCellMultilayerShowOrHideDemoTests */ = {
			isa = PBXNativeTarget;
			buildConfigurationList = 896E85D31C891E7B005017AD /* Build configuration list for PBXNativeTarget "LMCellMultilayerShowOrHideDemoTests" */;
			buildPhases = (
				896E85B81C891E7B005017AD /* Sources */,
				896E85B91C891E7B005017AD /* Frameworks */,
				896E85BA1C891E7B005017AD /* Resources */,
			);
			buildRules = (
			);
			dependencies = (
				896E85BE1C891E7B005017AD /* PBXTargetDependency */,
			);
			name = LMCellMultilayerShowOrHideDemoTests;
			productName = LMCellMultilayerShowOrHideDemoTests;
			productReference = 896E85BC1C891E7B005017AD /* LMCellMultilayerShowOrHideDemoTests.xctest */;
			productType = "com.apple.product-type.bundle.unit-test";
		};
		896E85C61C891E7B005017AD /* LMCellMultilayerShowOrHideDemoUITests */ = {
			isa = PBXNativeTarget;
			buildConfigurationList = 896E85D61C891E7B005017AD /* Build configuration list for PBXNativeTarget "LMCellMultilayerShowOrHideDemoUITests" */;
			buildPhases = (
				896E85C31C891E7B005017AD /* Sources */,
				896E85C41C891E7B005017AD /* Frameworks */,
				896E85C51C891E7B005017AD /* Resources */,
			);
			buildRules = (
			);
			dependencies = (
				896E85C91C891E7B005017AD /* PBXTargetDependency */,
			);
			name = LMCellMultilayerShowOrHideDemoUITests;
			productName = LMCellMultilayerShowOrHideDemoUITests;
			productReference = 896E85C71C891E7B005017AD /* LMCellMultilayerShowOrHideDemoUITests.xctest */;
			productType = "com.apple.product-type.bundle.ui-testing";
		};
/* End PBXNativeTarget section */

/* Begin PBXProject section */
		896E85981C891E7B005017AD /* Project object */ = {
			isa = PBXProject;
			attributes = {
				LastUpgradeCheck = 0720;
				ORGANIZATIONNAME = "Hangzhou TaiXuan Network Technology Co., Ltd.";
				TargetAttributes = {
					896E859F1C891E7B005017AD = {
						CreatedOnToolsVersion = 7.2.1;
					};
					896E85BB1C891E7B005017AD = {
						CreatedOnToolsVersion = 7.2.1;
						TestTargetID = 896E859F1C891E7B005017AD;
					};
					896E85C61C891E7B005017AD = {
						CreatedOnToolsVersion = 7.2.1;
						TestTargetID = 896E859F1C891E7B005017AD;
					};
				};
			};
			buildConfigurationList = 896E859B1C891E7B005017AD /* Build configuration list for PBXProject "LMCellMultilayerShowOrHideDemo" */;
			compatibilityVersion = "Xcode 3.2";
			developmentRegion = English;
			hasScannedForEncodings = 0;
			knownRegions = (
				en,
				Base,
			);
			mainGroup = 896E85971C891E7B005017AD;
			productRefGroup = 896E85A11C891E7B005017AD /* Products */;
			projectDirPath = "";
			projectRoot = "";
			targets = (
				896E859F1C891E7B005017AD /* LMCellMultilayerShowOrHideDemo */,
				896E85BB1C891E7B005017AD /* LMCellMultilayerShowOrHideDemoTests */,
				896E85C61C891E7B005017AD /* LMCellMultilayerShowOrHideDemoUITests */,
			);
		};
/* End PBXProject section */

/* Begin PBXResourcesBuildPhase section */
		896E859E1C891E7B005017AD /* Resources */ = {
			isa = PBXResourcesBuildPhase;
			buildActionMask = 2147483647;
			files = (
				890462551C895ED800397018 /* expandableImage@3x.png in Resources */,
				896E85B61C891E7B005017AD /* LaunchScreen.storyboard in Resources */,
				890462561C895ED800397018 /* expandableImage@2x.png in Resources */,
				896E85B31C891E7B005017AD /* Assets.xcassets in Resources */,
			);
			runOnlyForDeploymentPostprocessing = 0;
		};
		896E85BA1C891E7B005017AD /* Resources */ = {
			isa = PBXResourcesBuildPhase;
			buildActionMask = 2147483647;
			files = (
			);
			runOnlyForDeploymentPostprocessing = 0;
		};
		896E85C51C891E7B005017AD /* Resources */ = {
			isa = PBXResourcesBuildPhase;
			buildActionMask = 2147483647;
			files = (
			);
			runOnlyForDeploymentPostprocessing = 0;
		};
/* End PBXResourcesBuildPhase section */

/* Begin PBXSourcesBuildPhase section */
		896E859C1C891E7B005017AD /* Sources */ = {
			isa = PBXSourcesBuildPhase;
			buildActionMask = 2147483647;
			files = (
				896E85A81C891E7B005017AD /* AppDelegate.m in Sources */,
				891395521C8D71AB0011C896 /* FriendGroup.m in Sources */,
				8913954F1C8D70D20011C896 /* Friend.m in Sources */,
				896E85A51C891E7B005017AD /* main.m in Sources */,
				896E85DB1C892036005017AD /* LMCellMultilayerShowOrHideViewController.m in Sources */,
				8913954C1C8D4CD80011C896 /* LMTableHeaderView.m in Sources */,
			);
			runOnlyForDeploymentPostprocessing = 0;
		};
		896E85B81C891E7B005017AD /* Sources */ = {
			isa = PBXSourcesBuildPhase;
			buildActionMask = 2147483647;
			files = (
				896E85C11C891E7B005017AD /* LMCellMultilayerShowOrHideDemoTests.m in Sources */,
			);
			runOnlyForDeploymentPostprocessing = 0;
		};
		896E85C31C891E7B005017AD /* Sources */ = {
			isa = PBXSourcesBuildPhase;
			buildActionMask = 2147483647;
			files = (
				896E85CC1C891E7B005017AD /* LMCellMultilayerShowOrHideDemoUITests.m in Sources */,
			);
			runOnlyForDeploymentPostprocessing = 0;
		};
/* End PBXSourcesBuildPhase section */

/* Begin PBXTargetDependency section */
		896E85BE1C891E7B005017AD /* PBXTargetDependency */ = {
			isa = PBXTargetDependency;
			target = 896E859F1C891E7B005017AD /* LMCellMultilayerShowOrHideDemo */;
			targetProxy = 896E85BD1C891E7B005017AD /* PBXContainerItemProxy */;
		};
		896E85C91C891E7B005017AD /* PBXTargetDependency */ = {
			isa = PBXTargetDependency;
			target = 896E859F1C891E7B005017AD /* LMCellMultilayerShowOrHideDemo */;
			targetProxy = 896E85C81C891E7B005017AD /* PBXContainerItemProxy */;
		};
/* End PBXTargetDependency section */

/* Begin PBXVariantGroup section */
		896E85B41C891E7B005017AD /* LaunchScreen.storyboard */ = {
			isa = PBXVariantGroup;
			children = (
				896E85B51C891E7B005017AD /* Base */,
			);
			name = LaunchScreen.storyboard;
			sourceTree = "<group>";
		};
/* End PBXVariantGroup section */

/* Begin XCBuildConfiguration section */
		896E85CE1C891E7B005017AD /* Debug */ = {
			isa = XCBuildConfiguration;
			buildSettings = {
				ALWAYS_SEARCH_USER_PATHS = NO;
				CLANG_CXX_LANGUAGE_STANDARD = "gnu++0x";
				CLANG_CXX_LIBRARY = "libc++";
				CLANG_ENABLE_MODULES = YES;
				CLANG_ENABLE_OBJC_ARC = YES;
				CLANG_WARN_BOOL_CONVERSION = YES;
				CLANG_WARN_CONSTANT_CONVERSION = YES;
				CLANG_WARN_DIRECT_OBJC_ISA_USAGE = YES_ERROR;
				CLANG_WARN_EMPTY_BODY = YES;
				CLANG_WARN_ENUM_CONVERSION = YES;
				CLANG_WARN_INT_CONVERSION = YES;
				CLANG_WARN_OBJC_ROOT_CLASS = YES_ERROR;
				CLANG_WARN_UNREACHABLE_CODE = YES;
				CLANG_WARN__DUPLICATE_METHOD_MATCH = YES;
				"CODE_SIGN_IDENTITY[sdk=iphoneos*]" = "iPhone Developer";
				COPY_PHASE_STRIP = NO;
				DEBUG_INFORMATION_FORMAT = dwarf;
				ENABLE_STRICT_OBJC_MSGSEND = YES;
				ENABLE_TESTABILITY = YES;
				GCC_C_LANGUAGE_STANDARD = gnu99;
				GCC_DYNAMIC_NO_PIC = NO;
				GCC_NO_COMMON_BLOCKS = YES;
				GCC_OPTIMIZATION_LEVEL = 0;
				GCC_PREPROCESSOR_DEFINITIONS = (
					"DEBUG=1",
					"$(inherited)",
				);
				GCC_WARN_64_TO_32_BIT_CONVERSION = YES;
				GCC_WARN_ABOUT_RETURN_TYPE = YES_ERROR;
				GCC_WARN_UNDECLARED_SELECTOR = YES;
				GCC_WARN_UNINITIALIZED_AUTOS = YES_AGGRESSIVE;
				GCC_WARN_UNUSED_FUNCTION = YES;
				GCC_WARN_UNUSED_VARIABLE = YES;
				IPHONEOS_DEPLOYMENT_TARGET = 9.2;
				MTL_ENABLE_DEBUG_INFO = YES;
				ONLY_ACTIVE_ARCH = YES;
				SDKROOT = iphoneos;
				TARGETED_DEVICE_FAMILY = "1,2";
			};
			name = Debug;
		};
		896E85CF1C891E7B005017AD /* Release */ = {
			isa = XCBuildConfiguration;
			buildSettings = {
				ALWAYS_SEARCH_USER_PATHS = NO;
				CLANG_CXX_LANGUAGE_STANDARD = "gnu++0x";
				CLANG_CXX_LIBRARY = "libc++";
				CLANG_ENABLE_MODULES = YES;
				CLANG_ENABLE_OBJC_ARC = YES;
				CLANG_WARN_BOOL_CONVERSION = YES;
				CLANG_WARN_CONSTANT_CONVERSION = YES;
				CLANG_WARN_DIRECT_OBJC_ISA_USAGE = YES_ERROR;
				CLANG_WARN_EMPTY_BODY = YES;
				CLANG_WARN_ENUM_CONVERSION = YES;
				CLANG_WARN_INT_CONVERSION = YES;
				CLANG_WARN_OBJC_ROOT_CLASS = YES_ERROR;
				CLANG_WARN_UNREACHABLE_CODE = YES;
				CLANG_WARN__DUPLICATE_METHOD_MATCH = YES;
				"CODE_SIGN_IDENTITY[sdk=iphoneos*]" = "iPhone Developer";
				COPY_PHASE_STRIP = NO;
				DEBUG_INFORMATION_FORMAT = "dwarf-with-dsym";
				ENABLE_NS_ASSERTIONS = NO;
				ENABLE_STRICT_OBJC_MSGSEND = YES;
				GCC_C_LANGUAGE_STANDARD = gnu99;
				GCC_NO_COMMON_BLOCKS = YES;
				GCC_WARN_64_TO_32_BIT_CONVERSION = YES;
				GCC_WARN_ABOUT_RETURN_TYPE = YES_ERROR;
				GCC_WARN_UNDECLARED_SELECTOR = YES;
				GCC_WARN_UNINITIALIZED_AUTOS = YES_AGGRESSIVE;
				GCC_WARN_UNUSED_FUNCTION = YES;
				GCC_WARN_UNUSED_VARIABLE = YES;
				IPHONEOS_DEPLOYMENT_TARGET = 9.2;
				MTL_ENABLE_DEBUG_INFO = NO;
				SDKROOT = iphoneos;
				TARGETED_DEVICE_FAMILY = "1,2";
				VALIDATE_PRODUCT = YES;
			};
			name = Release;
		};
		896E85D11C891E7B005017AD /* Debug */ = {
			isa = XCBuildConfiguration;
			buildSettings = {
				ASSETCATALOG_COMPILER_APPICON_NAME = AppIcon;
				INFOPLIST_FILE = LMCellMultilayerShowOrHideDemo/Info.plist;
				LD_RUNPATH_SEARCH_PATHS = "$(inherited) @executable_path/Frameworks";
				PRODUCT_BUNDLE_IDENTIFIER = com.TaiXuanNetworkTechnology.LMCellMultilayerShowOrHideDemo;
				PRODUCT_NAME = "$(TARGET_NAME)";
			};
			name = Debug;
		};
		896E85D21C891E7B005017AD /* Release */ = {
			isa = XCBuildConfiguration;
			buildSettings = {
				ASSETCATALOG_COMPILER_APPICON_NAME = AppIcon;
				INFOPLIST_FILE = LMCellMultilayerShowOrHideDemo/Info.plist;
				LD_RUNPATH_SEARCH_PATHS = "$(inherited) @executable_path/Frameworks";
				PRODUCT_BUNDLE_IDENTIFIER = com.TaiXuanNetworkTechnology.LMCellMultilayerShowOrHideDemo;
				PRODUCT_NAME = "$(TARGET_NAME)";
			};
			name = Release;
		};
		896E85D41C891E7B005017AD /* Debug */ = {
			isa = XCBuildConfiguration;
			buildSettings = {
				BUNDLE_LOADER = "$(TEST_HOST)";
				INFOPLIST_FILE = LMCellMultilayerShowOrHideDemoTests/Info.plist;
				LD_RUNPATH_SEARCH_PATHS = "$(inherited) @executable_path/Frameworks @loader_path/Frameworks";
				PRODUCT_BUNDLE_IDENTIFIER = com.TaiXuanNetworkTechnology.LMCellMultilayerShowOrHideDemoTests;
				PRODUCT_NAME = "$(TARGET_NAME)";
				TEST_HOST = "$(BUILT_PRODUCTS_DIR)/LMCellMultilayerShowOrHideDemo.app/LMCellMultilayerShowOrHideDemo";
			};
			name = Debug;
		};
		896E85D51C891E7B005017AD /* Release */ = {
			isa = XCBuildConfiguration;
			buildSettings = {
				BUNDLE_LOADER = "$(TEST_HOST)";
				INFOPLIST_FILE = LMCellMultilayerShowOrHideDemoTests/Info.plist;
				LD_RUNPATH_SEARCH_PATHS = "$(inherited) @executable_path/Frameworks @loader_path/Frameworks";
				PRODUCT_BUNDLE_IDENTIFIER = com.TaiXuanNetworkTechnology.LMCellMultilayerShowOrHideDemoTests;
				PRODUCT_NAME = "$(TARGET_NAME)";
				TEST_HOST = "$(BUILT_PRODUCTS_DIR)/LMCellMultilayerShowOrHideDemo.app/LMCellMultilayerShowOrHideDemo";
			};
			name = Release;
		};
		896E85D71C891E7B005017AD /* Debug */ = {
			isa = XCBuildConfiguration;
			buildSettings = {
				INFOPLIST_FILE = LMCellMultilayerShowOrHideDemoUITests/Info.plist;
				LD_RUNPATH_SEARCH_PATHS = "$(inherited) @executable_path/Frameworks @loader_path/Frameworks";
				PRODUCT_BUNDLE_IDENTIFIER = com.TaiXuanNetworkTechnology.LMCellMultilayerShowOrHideDemoUITests;
				PRODUCT_NAME = "$(TARGET_NAME)";
				TEST_TARGET_NAME = LMCellMultilayerShowOrHideDemo;
				USES_XCTRUNNER = YES;
			};
			name = Debug;
		};
		896E85D81C891E7B005017AD /* Release */ = {
			isa = XCBuildConfiguration;
			buildSettings = {
				INFOPLIST_FILE = LMCellMultilayerShowOrHideDemoUITests/Info.plist;
				LD_RUNPATH_SEARCH_PATHS = "$(inherited) @executable_path/Frameworks @loader_path/Frameworks";
				PRODUCT_BUNDLE_IDENTIFIER = com.TaiXuanNetworkTechnology.LMCellMultilayerShowOrHideDemoUITests;
				PRODUCT_NAME = "$(TARGET_NAME)";
				TEST_TARGET_NAME = LMCellMultilayerShowOrHideDemo;
				USES_XCTRUNNER = YES;
			};
			name = Release;
		};
/* End XCBuildConfiguration section */

/* Begin XCConfigurationList section */
		896E859B1C891E7B005017AD /* Build configuration list for PBXProject "LMCellMultilayerShowOrHideDemo" */ = {
			isa = XCConfigurationList;
			buildConfigurations = (
				896E85CE1C891E7B005017AD /* Debug */,
				896E85CF1C891E7B005017AD /* Release */,
			);
			defaultConfigurationIsVisible = 0;
			defaultConfigurationName = Release;
		};
		896E85D01C891E7B005017AD /* Build configuration list for PBXNativeTarget "LMCellMultilayerShowOrHideDemo" */ = {
			isa = XCConfigurationList;
			buildConfigurations = (
				896E85D11C891E7B005017AD /* Debug */,
				896E85D21C891E7B005017AD /* Release */,
			);
			defaultConfigurationIsVisible = 0;
			defaultConfigurationName = Release;
		};
		896E85D31C891E7B005017AD /* Build configuration list for PBXNativeTarget "LMCellMultilayerShowOrHideDemoTests" */ = {
			isa = XCConfigurationList;
			buildConfigurations = (
				896E85D41C891E7B005017AD /* Debug */,
				896E85D51C891E7B005017AD /* Release */,
			);
			defaultConfigurationIsVisible = 0;
			defaultConfigurationName = Release;
		};
		896E85D61C891E7B005017AD /* Build configuration list for PBXNativeTarget "LMCellMultilayerShowOrHideDemoUITests" */ = {
			isa = XCConfigurationList;
			buildConfigurations = (
				896E85D71C891E7B005017AD /* Debug */,
				896E85D81C891E7B005017AD /* Release */,
			);
			defaultConfigurationIsVisible = 0;
			defaultConfigurationName = Release;
		};
/* End XCConfigurationList section */
	};
	rootObject = 896E85981C891E7B005017AD /* Project object */;
}
